// !$*UTF8*$!
{
	archiveVersion = 1;
	classes = {
	};
	objectVersion = 50;
	objects = {

/* Begin PBXBuildFile section */
		E704571C2608A363003FA55F /* CollectionViewFlowLayout.swift in Sources */ = {isa = PBXBuildFile; fileRef = E704571B2608A363003FA55F /* CollectionViewFlowLayout.swift */; };
		E70A3F6C26862A5200895FBB /* ListNotesCollectionViewController.swift in Sources */ = {isa = PBXBuildFile; fileRef = E70A3F6B26862A5200895FBB /* ListNotesCollectionViewController.swift */; };
		E70FA9F526498E0000D6BE56 /* DevTracking.swift in Sources */ = {isa = PBXBuildFile; fileRef = E70FA9F426498E0000D6BE56 /* DevTracking.swift */; };
		E710FF3626DF72470074DA05 /* 2021-09-01_LegalNotice_dt_raw.html in Resources */ = {isa = PBXBuildFile; fileRef = E710FF3426DF72470074DA05 /* 2021-09-01_LegalNotice_dt_raw.html */; };
		E710FF3A26DFD7E40074DA05 /* 2021-09-01_LegalNotice_en_raw.html in Resources */ = {isa = PBXBuildFile; fileRef = E710FF3926DFD7E40074DA05 /* 2021-09-01_LegalNotice_en_raw.html */; };
		E7117BE626D7D2D7002A0C78 /* CustomTypes.swift in Sources */ = {isa = PBXBuildFile; fileRef = E7117BE526D7D2D7002A0C78 /* CustomTypes.swift */; };
		E7117BE826D7D857002A0C78 /* BackgroundLabel.swift in Sources */ = {isa = PBXBuildFile; fileRef = E7117BE726D7D857002A0C78 /* BackgroundLabel.swift */; };
		E715F43026AF012500930E36 /* ResponsiveSelectorView.swift in Sources */ = {isa = PBXBuildFile; fileRef = E715F42E26AF012500930E36 /* ResponsiveSelectorView.swift */; };
		E715F43126AF012500930E36 /* ResponsiveSelectorView.xib in Resources */ = {isa = PBXBuildFile; fileRef = E715F42F26AF012500930E36 /* ResponsiveSelectorView.xib */; };
		E715F43326AF07F100930E36 /* ResponsiveInputView.swift in Sources */ = {isa = PBXBuildFile; fileRef = E715F43226AF07F000930E36 /* ResponsiveInputView.swift */; };
		E71C96A026934A1600935D06 /* BasicDataTypes.swift in Sources */ = {isa = PBXBuildFile; fileRef = E71C969F26934A1600935D06 /* BasicDataTypes.swift */; };
		E7202E4E263AE54000715A7F /* LocalNotificationHandler.swift in Sources */ = {isa = PBXBuildFile; fileRef = E7202E4D263AE54000715A7F /* LocalNotificationHandler.swift */; };
		E7202E53263AF0AF00715A7F /* Notification.swift in Sources */ = {isa = PBXBuildFile; fileRef = E7202E52263AF0AF00715A7F /* Notification.swift */; };
		E72EE63A25F97DE400B228C5 /* EditableTextField.swift in Sources */ = {isa = PBXBuildFile; fileRef = E72EE63925F97DE400B228C5 /* EditableTextField.swift */; };
		E732C73025DBE11800A4CE31 /* AppDelegate.swift in Sources */ = {isa = PBXBuildFile; fileRef = E732C72F25DBE11800A4CE31 /* AppDelegate.swift */; };
		E732C73225DBE11800A4CE31 /* SceneDelegate.swift in Sources */ = {isa = PBXBuildFile; fileRef = E732C73125DBE11800A4CE31 /* SceneDelegate.swift */; };
		E732C73725DBE11800A4CE31 /* Main.storyboard in Resources */ = {isa = PBXBuildFile; fileRef = E732C73525DBE11800A4CE31 /* Main.storyboard */; };
		E732C73A25DBE11800A4CE31 /* FocusInspiring.xcdatamodeld in Sources */ = {isa = PBXBuildFile; fileRef = E732C73825DBE11800A4CE31 /* FocusInspiring.xcdatamodeld */; };
		E732C73C25DBE11900A4CE31 /* Assets.xcassets in Resources */ = {isa = PBXBuildFile; fileRef = E732C73B25DBE11900A4CE31 /* Assets.xcassets */; };
		E732C73F25DBE11900A4CE31 /* LaunchScreen.storyboard in Resources */ = {isa = PBXBuildFile; fileRef = E732C73D25DBE11900A4CE31 /* LaunchScreen.storyboard */; };
		E735C0692693598600B27ECE /* UIScreen.swift in Sources */ = {isa = PBXBuildFile; fileRef = E735C0682693598600B27ECE /* UIScreen.swift */; };
		E769881125E548420020466A /* DataController.swift in Sources */ = {isa = PBXBuildFile; fileRef = E769881025E548420020466A /* DataController.swift */; };
		E769881925E54BCB0020466A /* InspirationalNoteCell.swift in Sources */ = {isa = PBXBuildFile; fileRef = E769881825E54BCB0020466A /* InspirationalNoteCell.swift */; };
		E769882125E54C220020466A /* FirstViewController.swift in Sources */ = {isa = PBXBuildFile; fileRef = E769882025E54C220020466A /* FirstViewController.swift */; };
		E769882C25E54D2E0020466A /* DisplayNoteViewController.swift in Sources */ = {isa = PBXBuildFile; fileRef = E769882B25E54D2E0020466A /* DisplayNoteViewController.swift */; };
		E769882F25E54DD90020466A /* AddNewNoteViewController.swift in Sources */ = {isa = PBXBuildFile; fileRef = E769882E25E54DD90020466A /* AddNewNoteViewController.swift */; };
		E76BF3E525E90B0700EE4992 /* InspirationItem+Extension.swift in Sources */ = {isa = PBXBuildFile; fileRef = E76BF3E425E90B0700EE4992 /* InspirationItem+Extension.swift */; };
		E76BF3E825E915D400EE4992 /* RootViewController.swift in Sources */ = {isa = PBXBuildFile; fileRef = E76BF3E725E915D400EE4992 /* RootViewController.swift */; };
		E76D2EE82672110C00E78FB5 /* SettingsViewController.swift in Sources */ = {isa = PBXBuildFile; fileRef = E76D2EE72672110C00E78FB5 /* SettingsViewController.swift */; };
		E77042AC260B588D00335445 /* UIViewController.swift in Sources */ = {isa = PBXBuildFile; fileRef = E77042AB260B588D00335445 /* UIViewController.swift */; };
		E77042C2260B8A6100335445 /* UIAlertController.swift in Sources */ = {isa = PBXBuildFile; fileRef = E77042C1260B8A6100335445 /* UIAlertController.swift */; };
		E7901D02269F281C0093B10A /* CustomValueSetterView.xib in Resources */ = {isa = PBXBuildFile; fileRef = E7901D01269F281C0093B10A /* CustomValueSetterView.xib */; };
		E7901D04269F28280093B10A /* CustomValueSetterView.swift in Sources */ = {isa = PBXBuildFile; fileRef = E7901D03269F28280093B10A /* CustomValueSetterView.swift */; };
		E7901D06269F29A80093B10A /* UIView.swift in Sources */ = {isa = PBXBuildFile; fileRef = E7901D05269F29A80093B10A /* UIView.swift */; };
		E7AAF49E26B4402D005197A1 /* EditablePeriodLabel.swift in Sources */ = {isa = PBXBuildFile; fileRef = E7AAF49D26B4402D005197A1 /* EditablePeriodLabel.swift */; };
		E7E12E9E267BA42700057EC7 /* SettingsDetailViewController.swift in Sources */ = {isa = PBXBuildFile; fileRef = E7E12E9D267BA42700057EC7 /* SettingsDetailViewController.swift */; };
		E7E29BE725FF970700FF7CE7 /* NSAttributedStringTransformer.swift in Sources */ = {isa = PBXBuildFile; fileRef = E7E29BE625FF970700FF7CE7 /* NSAttributedStringTransformer.swift */; };
		E7E29BEC25FFCFB600FF7CE7 /* EditNoteViewController.swift in Sources */ = {isa = PBXBuildFile; fileRef = E7E29BEB25FFCFB600FF7CE7 /* EditNoteViewController.swift */; };
		E7EC899926B1A8990009BEC2 /* ConvertibleTimeComponent.swift in Sources */ = {isa = PBXBuildFile; fileRef = E7EC899826B1A8990009BEC2 /* ConvertibleTimeComponent.swift */; };
		E7ED60B225EFA9DC00811762 /* EditableTextView.swift in Sources */ = {isa = PBXBuildFile; fileRef = E7ED60B125EFA9DC00811762 /* EditableTextView.swift */; };
		E7F3141B2603B5100041F05C /* Constants.swift in Sources */ = {isa = PBXBuildFile; fileRef = E7F3141A2603B5100041F05C /* Constants.swift */; };
		E7F3835D2609FB9A002D28B9 /* DetailNoteViewController.swift in Sources */ = {isa = PBXBuildFile; fileRef = E7F3835C2609FB9A002D28B9 /* DetailNoteViewController.swift */; };
/* End PBXBuildFile section */

/* Begin PBXFileReference section */
		E704571B2608A363003FA55F /* CollectionViewFlowLayout.swift */ = {isa = PBXFileReference; lastKnownFileType = sourcecode.swift; path = CollectionViewFlowLayout.swift; sourceTree = "<group>"; };
		E70A3F6B26862A5200895FBB /* ListNotesCollectionViewController.swift */ = {isa = PBXFileReference; lastKnownFileType = sourcecode.swift; path = ListNotesCollectionViewController.swift; sourceTree = "<group>"; };
		E70FA9F426498E0000D6BE56 /* DevTracking.swift */ = {isa = PBXFileReference; lastKnownFileType = sourcecode.swift; path = DevTracking.swift; sourceTree = "<group>"; };
		E710FF3426DF72470074DA05 /* 2021-09-01_LegalNotice_dt_raw.html */ = {isa = PBXFileReference; fileEncoding = 4; lastKnownFileType = text.html; path = "2021-09-01_LegalNotice_dt_raw.html"; sourceTree = "<group>"; };
		E710FF3926DFD7E40074DA05 /* 2021-09-01_LegalNotice_en_raw.html */ = {isa = PBXFileReference; fileEncoding = 4; lastKnownFileType = text.html; path = "2021-09-01_LegalNotice_en_raw.html"; sourceTree = "<group>"; };
		E7117BE526D7D2D7002A0C78 /* CustomTypes.swift */ = {isa = PBXFileReference; lastKnownFileType = sourcecode.swift; path = CustomTypes.swift; sourceTree = "<group>"; };
		E7117BE726D7D857002A0C78 /* BackgroundLabel.swift */ = {isa = PBXFileReference; lastKnownFileType = sourcecode.swift; path = BackgroundLabel.swift; sourceTree = "<group>"; };
		E715F42E26AF012500930E36 /* ResponsiveSelectorView.swift */ = {isa = PBXFileReference; fileEncoding = 4; lastKnownFileType = sourcecode.swift; path = ResponsiveSelectorView.swift; sourceTree = "<group>"; };
		E715F42F26AF012500930E36 /* ResponsiveSelectorView.xib */ = {isa = PBXFileReference; fileEncoding = 4; lastKnownFileType = file.xib; path = ResponsiveSelectorView.xib; sourceTree = "<group>"; };
		E715F43226AF07F000930E36 /* ResponsiveInputView.swift */ = {isa = PBXFileReference; lastKnownFileType = sourcecode.swift; path = ResponsiveInputView.swift; sourceTree = "<group>"; };
		E71C969F26934A1600935D06 /* BasicDataTypes.swift */ = {isa = PBXFileReference; lastKnownFileType = sourcecode.swift; path = BasicDataTypes.swift; sourceTree = "<group>"; };
		E7202E4D263AE54000715A7F /* LocalNotificationHandler.swift */ = {isa = PBXFileReference; lastKnownFileType = sourcecode.swift; path = LocalNotificationHandler.swift; sourceTree = "<group>"; };
		E7202E52263AF0AF00715A7F /* Notification.swift */ = {isa = PBXFileReference; lastKnownFileType = sourcecode.swift; path = Notification.swift; sourceTree = "<group>"; };
		E72EE63925F97DE400B228C5 /* EditableTextField.swift */ = {isa = PBXFileReference; lastKnownFileType = sourcecode.swift; path = EditableTextField.swift; sourceTree = "<group>"; };
		E732C72C25DBE11800A4CE31 /* FocusInspiring.app */ = {isa = PBXFileReference; explicitFileType = wrapper.application; includeInIndex = 0; path = FocusInspiring.app; sourceTree = BUILT_PRODUCTS_DIR; };
		E732C72F25DBE11800A4CE31 /* AppDelegate.swift */ = {isa = PBXFileReference; lastKnownFileType = sourcecode.swift; path = AppDelegate.swift; sourceTree = "<group>"; };
		E732C73125DBE11800A4CE31 /* SceneDelegate.swift */ = {isa = PBXFileReference; lastKnownFileType = sourcecode.swift; path = SceneDelegate.swift; sourceTree = "<group>"; };
		E732C73625DBE11800A4CE31 /* Base */ = {isa = PBXFileReference; lastKnownFileType = file.storyboard; name = Base; path = Base.lproj/Main.storyboard; sourceTree = "<group>"; };
		E732C73925DBE11800A4CE31 /* FocusInspiring.xcdatamodel */ = {isa = PBXFileReference; lastKnownFileType = wrapper.xcdatamodel; path = FocusInspiring.xcdatamodel; sourceTree = "<group>"; };
		E732C73B25DBE11900A4CE31 /* Assets.xcassets */ = {isa = PBXFileReference; lastKnownFileType = folder.assetcatalog; path = Assets.xcassets; sourceTree = "<group>"; };
		E732C73E25DBE11900A4CE31 /* Base */ = {isa = PBXFileReference; lastKnownFileType = file.storyboard; name = Base; path = Base.lproj/LaunchScreen.storyboard; sourceTree = "<group>"; };
		E732C74025DBE11900A4CE31 /* Info.plist */ = {isa = PBXFileReference; lastKnownFileType = text.plist.xml; path = Info.plist; sourceTree = "<group>"; };
		E735C0682693598600B27ECE /* UIScreen.swift */ = {isa = PBXFileReference; lastKnownFileType = sourcecode.swift; path = UIScreen.swift; sourceTree = "<group>"; };
		E769881025E548420020466A /* DataController.swift */ = {isa = PBXFileReference; lastKnownFileType = sourcecode.swift; path = DataController.swift; sourceTree = "<group>"; };
		E769881825E54BCB0020466A /* InspirationalNoteCell.swift */ = {isa = PBXFileReference; lastKnownFileType = sourcecode.swift; path = InspirationalNoteCell.swift; sourceTree = "<group>"; };
		E769882025E54C220020466A /* FirstViewController.swift */ = {isa = PBXFileReference; lastKnownFileType = sourcecode.swift; path = FirstViewController.swift; sourceTree = "<group>"; };
		E769882B25E54D2E0020466A /* DisplayNoteViewController.swift */ = {isa = PBXFileReference; lastKnownFileType = sourcecode.swift; path = DisplayNoteViewController.swift; sourceTree = "<group>"; };
		E769882E25E54DD90020466A /* AddNewNoteViewController.swift */ = {isa = PBXFileReference; lastKnownFileType = sourcecode.swift; path = AddNewNoteViewController.swift; sourceTree = "<group>"; };
		E76BF3E425E90B0700EE4992 /* InspirationItem+Extension.swift */ = {isa = PBXFileReference; lastKnownFileType = sourcecode.swift; path = "InspirationItem+Extension.swift"; sourceTree = "<group>"; };
		E76BF3E725E915D400EE4992 /* RootViewController.swift */ = {isa = PBXFileReference; lastKnownFileType = sourcecode.swift; path = RootViewController.swift; sourceTree = "<group>"; };
		E76D2EE72672110C00E78FB5 /* SettingsViewController.swift */ = {isa = PBXFileReference; lastKnownFileType = sourcecode.swift; path = SettingsViewController.swift; sourceTree = "<group>"; };
		E77042AB260B588D00335445 /* UIViewController.swift */ = {isa = PBXFileReference; fileEncoding = 4; lastKnownFileType = sourcecode.swift; path = UIViewController.swift; sourceTree = "<group>"; };
		E77042C1260B8A6100335445 /* UIAlertController.swift */ = {isa = PBXFileReference; lastKnownFileType = sourcecode.swift; path = UIAlertController.swift; sourceTree = "<group>"; };
		E7901D01269F281C0093B10A /* CustomValueSetterView.xib */ = {isa = PBXFileReference; fileEncoding = 4; lastKnownFileType = file.xib; path = CustomValueSetterView.xib; sourceTree = "<group>"; };
		E7901D03269F28280093B10A /* CustomValueSetterView.swift */ = {isa = PBXFileReference; fileEncoding = 4; lastKnownFileType = sourcecode.swift; path = CustomValueSetterView.swift; sourceTree = "<group>"; };
		E7901D05269F29A80093B10A /* UIView.swift */ = {isa = PBXFileReference; lastKnownFileType = sourcecode.swift; path = UIView.swift; sourceTree = "<group>"; };
		E7AAF49D26B4402D005197A1 /* EditablePeriodLabel.swift */ = {isa = PBXFileReference; lastKnownFileType = sourcecode.swift; path = EditablePeriodLabel.swift; sourceTree = "<group>"; };
		E7E12E9D267BA42700057EC7 /* SettingsDetailViewController.swift */ = {isa = PBXFileReference; lastKnownFileType = sourcecode.swift; path = SettingsDetailViewController.swift; sourceTree = "<group>"; };
		E7E29BE625FF970700FF7CE7 /* NSAttributedStringTransformer.swift */ = {isa = PBXFileReference; lastKnownFileType = sourcecode.swift; path = NSAttributedStringTransformer.swift; sourceTree = "<group>"; };
		E7E29BEB25FFCFB600FF7CE7 /* EditNoteViewController.swift */ = {isa = PBXFileReference; lastKnownFileType = sourcecode.swift; path = EditNoteViewController.swift; sourceTree = "<group>"; };
		E7EC899826B1A8990009BEC2 /* ConvertibleTimeComponent.swift */ = {isa = PBXFileReference; lastKnownFileType = sourcecode.swift; path = ConvertibleTimeComponent.swift; sourceTree = "<group>"; };
		E7ED60B125EFA9DC00811762 /* EditableTextView.swift */ = {isa = PBXFileReference; lastKnownFileType = sourcecode.swift; path = EditableTextView.swift; sourceTree = "<group>"; };
		E7F3141A2603B5100041F05C /* Constants.swift */ = {isa = PBXFileReference; lastKnownFileType = sourcecode.swift; path = Constants.swift; sourceTree = "<group>"; };
		E7F3835C2609FB9A002D28B9 /* DetailNoteViewController.swift */ = {isa = PBXFileReference; lastKnownFileType = sourcecode.swift; path = DetailNoteViewController.swift; sourceTree = "<group>"; };
/* End PBXFileReference section */

/* Begin PBXFrameworksBuildPhase section */
		E732C72925DBE11800A4CE31 /* Frameworks */ = {
			isa = PBXFrameworksBuildPhase;
			buildActionMask = 2147483647;
			files = (
			);
			runOnlyForDeploymentPostprocessing = 0;
		};
/* End PBXFrameworksBuildPhase section */

/* Begin PBXGroup section */
		E70FA9F626498E0E00D6BE56 /* Utility */ = {
			isa = PBXGroup;
			children = (
				E7117BE526D7D2D7002A0C78 /* CustomTypes.swift */,
				E70FA9F426498E0000D6BE56 /* DevTracking.swift */,
				E7202E4D263AE54000715A7F /* LocalNotificationHandler.swift */,
				E7202E52263AF0AF00715A7F /* Notification.swift */,
				E7EC899826B1A8990009BEC2 /* ConvertibleTimeComponent.swift */,
			);
			path = Utility;
			sourceTree = "<group>";
		};
		E710FF3826DF726D0074DA05 /* Resources */ = {
			isa = PBXGroup;
			children = (
				E710FF3426DF72470074DA05 /* 2021-09-01_LegalNotice_dt_raw.html */,
				E710FF3926DFD7E40074DA05 /* 2021-09-01_LegalNotice_en_raw.html */,
			);
			path = Resources;
			sourceTree = "<group>";
		};
		E732C72325DBE11800A4CE31 = {
			isa = PBXGroup;
			children = (
				E732C72E25DBE11800A4CE31 /* FocusInspiring */,
				E732C72D25DBE11800A4CE31 /* Products */,
			);
			sourceTree = "<group>";
		};
		E732C72D25DBE11800A4CE31 /* Products */ = {
			isa = PBXGroup;
			children = (
				E732C72C25DBE11800A4CE31 /* FocusInspiring.app */,
			);
			name = Products;
			sourceTree = "<group>";
		};
		E732C72E25DBE11800A4CE31 /* FocusInspiring */ = {
			isa = PBXGroup;
			children = (
				E732C72F25DBE11800A4CE31 /* AppDelegate.swift */,
				E732C73125DBE11800A4CE31 /* SceneDelegate.swift */,
				E769881325E548E60020466A /* Model */,
				E769881E25E54BF80020466A /* View */,
				E769882625E54C760020466A /* Controller */,
				E769881525E549030020466A /* Storyboard */,
				E70FA9F626498E0E00D6BE56 /* Utility */,
				E77042BF260B89CE00335445 /* Extension */,
				E732C73B25DBE11900A4CE31 /* Assets.xcassets */,
				E732C74025DBE11900A4CE31 /* Info.plist */,
				E710FF3826DF726D0074DA05 /* Resources */,
			);
			path = FocusInspiring;
			sourceTree = "<group>";
		};
		E769881325E548E60020466A /* Model */ = {
			isa = PBXGroup;
			children = (
				E7F3141A2603B5100041F05C /* Constants.swift */,
				E77042AF260B85DC00335445 /* Data Model */,
			);
			path = Model;
			sourceTree = "<group>";
		};
		E769881525E549030020466A /* Storyboard */ = {
			isa = PBXGroup;
			children = (
				E732C73525DBE11800A4CE31 /* Main.storyboard */,
				E732C73D25DBE11900A4CE31 /* LaunchScreen.storyboard */,
			);
			path = Storyboard;
			sourceTree = "<group>";
		};
		E769881E25E54BF80020466A /* View */ = {
			isa = PBXGroup;
			children = (
				E77042B1260B863D00335445 /* Custom Cells */,
				E77042BC260B884A00335445 /* Custom Views */,
				E77042BD260B886700335445 /* Custom Layout */,
			);
			path = View;
			sourceTree = "<group>";
		};
		E769882625E54C760020466A /* Controller */ = {
			isa = PBXGroup;
			children = (
				E77042B2260B869600335445 /* Start */,
				E77042B5260B86C900335445 /* Present */,
				E77042B4260B86B500335445 /* Edit */,
				E76D2EE92672111200E78FB5 /* Settings */,
			);
			path = Controller;
			sourceTree = "<group>";
		};
		E76D2EE92672111200E78FB5 /* Settings */ = {
			isa = PBXGroup;
			children = (
				E76D2EE72672110C00E78FB5 /* SettingsViewController.swift */,
				E7E12E9D267BA42700057EC7 /* SettingsDetailViewController.swift */,
			);
			path = Settings;
			sourceTree = "<group>";
		};
		E77042AF260B85DC00335445 /* Data Model */ = {
			isa = PBXGroup;
			children = (
				E732C73825DBE11800A4CE31 /* FocusInspiring.xcdatamodeld */,
				E769881025E548420020466A /* DataController.swift */,
				E76BF3E425E90B0700EE4992 /* InspirationItem+Extension.swift */,
				E7E29BE625FF970700FF7CE7 /* NSAttributedStringTransformer.swift */,
			);
			path = "Data Model";
			sourceTree = "<group>";
		};
		E77042B1260B863D00335445 /* Custom Cells */ = {
			isa = PBXGroup;
			children = (
				E769881825E54BCB0020466A /* InspirationalNoteCell.swift */,
			);
			path = "Custom Cells";
			sourceTree = "<group>";
		};
		E77042B2260B869600335445 /* Start */ = {
			isa = PBXGroup;
			children = (
				E76BF3E725E915D400EE4992 /* RootViewController.swift */,
				E769882025E54C220020466A /* FirstViewController.swift */,
			);
			path = Start;
			sourceTree = "<group>";
		};
		E77042B4260B86B500335445 /* Edit */ = {
			isa = PBXGroup;
			children = (
				E769882E25E54DD90020466A /* AddNewNoteViewController.swift */,
				E7E29BEB25FFCFB600FF7CE7 /* EditNoteViewController.swift */,
			);
			path = Edit;
			sourceTree = "<group>";
		};
		E77042B5260B86C900335445 /* Present */ = {
			isa = PBXGroup;
			children = (
				E769882B25E54D2E0020466A /* DisplayNoteViewController.swift */,
				E70A3F6B26862A5200895FBB /* ListNotesCollectionViewController.swift */,
				E7F3835C2609FB9A002D28B9 /* DetailNoteViewController.swift */,
			);
			path = Present;
			sourceTree = "<group>";
		};
		E77042BC260B884A00335445 /* Custom Views */ = {
			isa = PBXGroup;
			children = (
				E7117BE726D7D857002A0C78 /* BackgroundLabel.swift */,
				E7AAF49D26B4402D005197A1 /* EditablePeriodLabel.swift */,
				E715F43226AF07F000930E36 /* ResponsiveInputView.swift */,
				E715F42E26AF012500930E36 /* ResponsiveSelectorView.swift */,
				E715F42F26AF012500930E36 /* ResponsiveSelectorView.xib */,
				E7901D03269F28280093B10A /* CustomValueSetterView.swift */,
				E7901D01269F281C0093B10A /* CustomValueSetterView.xib */,
				E72EE63925F97DE400B228C5 /* EditableTextField.swift */,
				E7ED60B125EFA9DC00811762 /* EditableTextView.swift */,
			);
			path = "Custom Views";
			sourceTree = "<group>";
		};
		E77042BD260B886700335445 /* Custom Layout */ = {
			isa = PBXGroup;
			children = (
				E704571B2608A363003FA55F /* CollectionViewFlowLayout.swift */,
			);
			path = "Custom Layout";
			sourceTree = "<group>";
		};
		E77042BF260B89CE00335445 /* Extension */ = {
			isa = PBXGroup;
			children = (
				E71C969F26934A1600935D06 /* BasicDataTypes.swift */,
				E7901D05269F29A80093B10A /* UIView.swift */,
				E77042AB260B588D00335445 /* UIViewController.swift */,
				E77042C1260B8A6100335445 /* UIAlertController.swift */,
				E735C0682693598600B27ECE /* UIScreen.swift */,
			);
			path = Extension;
			sourceTree = "<group>";
		};
/* End PBXGroup section */

/* Begin PBXNativeTarget section */
		E732C72B25DBE11800A4CE31 /* FocusInspiring */ = {
			isa = PBXNativeTarget;
			buildConfigurationList = E732C74325DBE11900A4CE31 /* Build configuration list for PBXNativeTarget "FocusInspiring" */;
			buildPhases = (
				E732C72825DBE11800A4CE31 /* Sources */,
				E732C72925DBE11800A4CE31 /* Frameworks */,
				E732C72A25DBE11800A4CE31 /* Resources */,
			);
			buildRules = (
			);
			dependencies = (
			);
			name = FocusInspiring;
			productName = FocusInspiring;
			productReference = E732C72C25DBE11800A4CE31 /* FocusInspiring.app */;
			productType = "com.apple.product-type.application";
		};
/* End PBXNativeTarget section */

/* Begin PBXProject section */
		E732C72425DBE11800A4CE31 /* Project object */ = {
			isa = PBXProject;
			attributes = {
				LastSwiftUpdateCheck = 1230;
				LastUpgradeCheck = 1230;
				ORGANIZATIONNAME = "Arno Seidel";
				TargetAttributes = {
					E732C72B25DBE11800A4CE31 = {
						CreatedOnToolsVersion = 12.3;
					};
				};
			};
			buildConfigurationList = E732C72725DBE11800A4CE31 /* Build configuration list for PBXProject "FocusInspiring" */;
			compatibilityVersion = "Xcode 9.3";
			developmentRegion = en;
			hasScannedForEncodings = 0;
			knownRegions = (
				en,
				Base,
			);
			mainGroup = E732C72325DBE11800A4CE31;
			productRefGroup = E732C72D25DBE11800A4CE31 /* Products */;
			projectDirPath = "";
			projectRoot = "";
			targets = (
				E732C72B25DBE11800A4CE31 /* FocusInspiring */,
			);
		};
/* End PBXProject section */

/* Begin PBXResourcesBuildPhase section */
		E732C72A25DBE11800A4CE31 /* Resources */ = {
			isa = PBXResourcesBuildPhase;
			buildActionMask = 2147483647;
			files = (
				E732C73F25DBE11900A4CE31 /* LaunchScreen.storyboard in Resources */,
				E732C73C25DBE11900A4CE31 /* Assets.xcassets in Resources */,
				E7901D02269F281C0093B10A /* CustomValueSetterView.xib in Resources */,
				E710FF3A26DFD7E40074DA05 /* 2021-09-01_LegalNotice_en_raw.html in Resources */,
				E732C73725DBE11800A4CE31 /* Main.storyboard in Resources */,
				E710FF3626DF72470074DA05 /* 2021-09-01_LegalNotice_dt_raw.html in Resources */,
				E715F43126AF012500930E36 /* ResponsiveSelectorView.xib in Resources */,
			);
			runOnlyForDeploymentPostprocessing = 0;
		};
/* End PBXResourcesBuildPhase section */

/* Begin PBXSourcesBuildPhase section */
		E732C72825DBE11800A4CE31 /* Sources */ = {
			isa = PBXSourcesBuildPhase;
			buildActionMask = 2147483647;
			files = (
				E769881125E548420020466A /* DataController.swift in Sources */,
				E76BF3E525E90B0700EE4992 /* InspirationItem+Extension.swift in Sources */,
				E769882125E54C220020466A /* FirstViewController.swift in Sources */,
				E77042C2260B8A6100335445 /* UIAlertController.swift in Sources */,
				E72EE63A25F97DE400B228C5 /* EditableTextField.swift in Sources */,
				E70FA9F526498E0000D6BE56 /* DevTracking.swift in Sources */,
				E76D2EE82672110C00E78FB5 /* SettingsViewController.swift in Sources */,
				E7F3141B2603B5100041F05C /* Constants.swift in Sources */,
				E76BF3E825E915D400EE4992 /* RootViewController.swift in Sources */,
				E7F3835D2609FB9A002D28B9 /* DetailNoteViewController.swift in Sources */,
				E732C73025DBE11800A4CE31 /* AppDelegate.swift in Sources */,
				E7901D06269F29A80093B10A /* UIView.swift in Sources */,
				E7202E4E263AE54000715A7F /* LocalNotificationHandler.swift in Sources */,
				E70A3F6C26862A5200895FBB /* ListNotesCollectionViewController.swift in Sources */,
				E7117BE826D7D857002A0C78 /* BackgroundLabel.swift in Sources */,
				E77042AC260B588D00335445 /* UIViewController.swift in Sources */,
				E7901D04269F28280093B10A /* CustomValueSetterView.swift in Sources */,
				E732C73A25DBE11800A4CE31 /* FocusInspiring.xcdatamodeld in Sources */,
				E769881925E54BCB0020466A /* InspirationalNoteCell.swift in Sources */,
				E715F43326AF07F100930E36 /* ResponsiveInputView.swift in Sources */,
				E715F43026AF012500930E36 /* ResponsiveSelectorView.swift in Sources */,
				E7E29BEC25FFCFB600FF7CE7 /* EditNoteViewController.swift in Sources */,
				E7AAF49E26B4402D005197A1 /* EditablePeriodLabel.swift in Sources */,
				E7EC899926B1A8990009BEC2 /* ConvertibleTimeComponent.swift in Sources */,
				E71C96A026934A1600935D06 /* BasicDataTypes.swift in Sources */,
				E704571C2608A363003FA55F /* CollectionViewFlowLayout.swift in Sources */,
				E732C73225DBE11800A4CE31 /* SceneDelegate.swift in Sources */,
				E7202E53263AF0AF00715A7F /* Notification.swift in Sources */,
				E769882C25E54D2E0020466A /* DisplayNoteViewController.swift in Sources */,
				E7117BE626D7D2D7002A0C78 /* CustomTypes.swift in Sources */,
				E7E29BE725FF970700FF7CE7 /* NSAttributedStringTransformer.swift in Sources */,
				E7ED60B225EFA9DC00811762 /* EditableTextView.swift in Sources */,
				E735C0692693598600B27ECE /* UIScreen.swift in Sources */,
				E7E12E9E267BA42700057EC7 /* SettingsDetailViewController.swift in Sources */,
				E769882F25E54DD90020466A /* AddNewNoteViewController.swift in Sources */,
			);
			runOnlyForDeploymentPostprocessing = 0;
		};
/* End PBXSourcesBuildPhase section */

/* Begin PBXVariantGroup section */
		E732C73525DBE11800A4CE31 /* Main.storyboard */ = {
			isa = PBXVariantGroup;
			children = (
				E732C73625DBE11800A4CE31 /* Base */,
			);
			name = Main.storyboard;
			sourceTree = "<group>";
		};
		E732C73D25DBE11900A4CE31 /* LaunchScreen.storyboard */ = {
			isa = PBXVariantGroup;
			children = (
				E732C73E25DBE11900A4CE31 /* Base */,
			);
			name = LaunchScreen.storyboard;
			sourceTree = "<group>";
		};
/* End PBXVariantGroup section */

/* Begin XCBuildConfiguration section */
		E732C74125DBE11900A4CE31 /* Debug */ = {
			isa = XCBuildConfiguration;
			buildSettings = {
				ALWAYS_SEARCH_USER_PATHS = NO;
				CLANG_ANALYZER_NONNULL = YES;
				CLANG_ANALYZER_NUMBER_OBJECT_CONVERSION = YES_AGGRESSIVE;
				CLANG_CXX_LANGUAGE_STANDARD = "gnu++14";
				CLANG_CXX_LIBRARY = "libc++";
				CLANG_ENABLE_MODULES = YES;
				CLANG_ENABLE_OBJC_ARC = YES;
				CLANG_ENABLE_OBJC_WEAK = YES;
				CLANG_WARN_BLOCK_CAPTURE_AUTORELEASING = YES;
				CLANG_WARN_BOOL_CONVERSION = YES;
				CLANG_WARN_COMMA = YES;
				CLANG_WARN_CONSTANT_CONVERSION = YES;
				CLANG_WARN_DEPRECATED_OBJC_IMPLEMENTATIONS = YES;
				CLANG_WARN_DIRECT_OBJC_ISA_USAGE = YES_ERROR;
				CLANG_WARN_DOCUMENTATION_COMMENTS = YES;
				CLANG_WARN_EMPTY_BODY = YES;
				CLANG_WARN_ENUM_CONVERSION = YES;
				CLANG_WARN_INFINITE_RECURSION = YES;
				CLANG_WARN_INT_CONVERSION = YES;
				CLANG_WARN_NON_LITERAL_NULL_CONVERSION = YES;
				CLANG_WARN_OBJC_IMPLICIT_RETAIN_SELF = YES;
				CLANG_WARN_OBJC_LITERAL_CONVERSION = YES;
				CLANG_WARN_OBJC_ROOT_CLASS = YES_ERROR;
				CLANG_WARN_QUOTED_INCLUDE_IN_FRAMEWORK_HEADER = YES;
				CLANG_WARN_RANGE_LOOP_ANALYSIS = YES;
				CLANG_WARN_STRICT_PROTOTYPES = YES;
				CLANG_WARN_SUSPICIOUS_MOVE = YES;
				CLANG_WARN_UNGUARDED_AVAILABILITY = YES_AGGRESSIVE;
				CLANG_WARN_UNREACHABLE_CODE = YES;
				CLANG_WARN__DUPLICATE_METHOD_MATCH = YES;
				COPY_PHASE_STRIP = NO;
				DEBUG_INFORMATION_FORMAT = dwarf;
				DEVELOPMENT_TEAM = FRR9MYPFMS;
				ENABLE_STRICT_OBJC_MSGSEND = YES;
				ENABLE_TESTABILITY = YES;
				GCC_C_LANGUAGE_STANDARD = gnu11;
				GCC_DYNAMIC_NO_PIC = NO;
				GCC_NO_COMMON_BLOCKS = YES;
				GCC_OPTIMIZATION_LEVEL = 0;
				GCC_PREPROCESSOR_DEFINITIONS = (
					"DEBUG=1",
					"$(inherited)",
				);
				GCC_WARN_64_TO_32_BIT_CONVERSION = YES;
				GCC_WARN_ABOUT_RETURN_TYPE = YES_ERROR;
				GCC_WARN_UNDECLARED_SELECTOR = YES;
				GCC_WARN_UNINITIALIZED_AUTOS = YES_AGGRESSIVE;
				GCC_WARN_UNUSED_FUNCTION = YES;
				GCC_WARN_UNUSED_VARIABLE = YES;
				IPHONEOS_DEPLOYMENT_TARGET = 14.5;
				MTL_ENABLE_DEBUG_INFO = INCLUDE_SOURCE;
				MTL_FAST_MATH = YES;
				ONLY_ACTIVE_ARCH = YES;
				SDKROOT = iphoneos;
				SWIFT_ACTIVE_COMPILATION_CONDITIONS = DEBUG;
				SWIFT_OPTIMIZATION_LEVEL = "-Onone";
			};
			name = Debug;
		};
		E732C74225DBE11900A4CE31 /* Release */ = {
			isa = XCBuildConfiguration;
			buildSettings = {
				ALWAYS_SEARCH_USER_PATHS = NO;
				CLANG_ANALYZER_NONNULL = YES;
				CLANG_ANALYZER_NUMBER_OBJECT_CONVERSION = YES_AGGRESSIVE;
				CLANG_CXX_LANGUAGE_STANDARD = "gnu++14";
				CLANG_CXX_LIBRARY = "libc++";
				CLANG_ENABLE_MODULES = YES;
				CLANG_ENABLE_OBJC_ARC = YES;
				CLANG_ENABLE_OBJC_WEAK = YES;
				CLANG_WARN_BLOCK_CAPTURE_AUTORELEASING = YES;
				CLANG_WARN_BOOL_CONVERSION = YES;
				CLANG_WARN_COMMA = YES;
				CLANG_WARN_CONSTANT_CONVERSION = YES;
				CLANG_WARN_DEPRECATED_OBJC_IMPLEMENTATIONS = YES;
				CLANG_WARN_DIRECT_OBJC_ISA_USAGE = YES_ERROR;
				CLANG_WARN_DOCUMENTATION_COMMENTS = YES;
				CLANG_WARN_EMPTY_BODY = YES;
				CLANG_WARN_ENUM_CONVERSION = YES;
				CLANG_WARN_INFINITE_RECURSION = YES;
				CLANG_WARN_INT_CONVERSION = YES;
				CLANG_WARN_NON_LITERAL_NULL_CONVERSION = YES;
				CLANG_WARN_OBJC_IMPLICIT_RETAIN_SELF = YES;
				CLANG_WARN_OBJC_LITERAL_CONVERSION = YES;
				CLANG_WARN_OBJC_ROOT_CLASS = YES_ERROR;
				CLANG_WARN_QUOTED_INCLUDE_IN_FRAMEWORK_HEADER = YES;
				CLANG_WARN_RANGE_LOOP_ANALYSIS = YES;
				CLANG_WARN_STRICT_PROTOTYPES = YES;
				CLANG_WARN_SUSPICIOUS_MOVE = YES;
				CLANG_WARN_UNGUARDED_AVAILABILITY = YES_AGGRESSIVE;
				CLANG_WARN_UNREACHABLE_CODE = YES;
				CLANG_WARN__DUPLICATE_METHOD_MATCH = YES;
				COPY_PHASE_STRIP = NO;
				DEBUG_INFORMATION_FORMAT = "dwarf-with-dsym";
				DEVELOPMENT_TEAM = FRR9MYPFMS;
				ENABLE_NS_ASSERTIONS = NO;
				ENABLE_STRICT_OBJC_MSGSEND = YES;
				GCC_C_LANGUAGE_STANDARD = gnu11;
				GCC_NO_COMMON_BLOCKS = YES;
				GCC_WARN_64_TO_32_BIT_CONVERSION = YES;
				GCC_WARN_ABOUT_RETURN_TYPE = YES_ERROR;
				GCC_WARN_UNDECLARED_SELECTOR = YES;
				GCC_WARN_UNINITIALIZED_AUTOS = YES_AGGRESSIVE;
				GCC_WARN_UNUSED_FUNCTION = YES;
				GCC_WARN_UNUSED_VARIABLE = YES;
				IPHONEOS_DEPLOYMENT_TARGET = 14.5;
				MTL_ENABLE_DEBUG_INFO = NO;
				MTL_FAST_MATH = YES;
				SDKROOT = iphoneos;
				SWIFT_COMPILATION_MODE = wholemodule;
				SWIFT_OPTIMIZATION_LEVEL = "-O";
				VALIDATE_PRODUCT = YES;
			};
			name = Release;
		};
		E732C74425DBE11900A4CE31 /* Debug */ = {
			isa = XCBuildConfiguration;
			buildSettings = {
				ASSETCATALOG_COMPILER_APPICON_NAME = AppIcon;
				ASSETCATALOG_COMPILER_GLOBAL_ACCENT_COLOR_NAME = AccentColor;
				CODE_SIGN_ENTITLEMENTS = FocusInspiring/FocusInspiring.entitlements;
				CODE_SIGN_IDENTITY = "Apple Development";
				CODE_SIGN_STYLE = Automatic;
				DEVELOPMENT_TEAM = FRR9MYPFMS;
				INFOPLIST_FILE = FocusInspiring/Info.plist;
				IPHONEOS_DEPLOYMENT_TARGET = 14.5;
				LD_RUNPATH_SEARCH_PATHS = (
					"$(inherited)",
					"@executable_path/Frameworks",
				);
				MARKETING_VERSION = 0.1;
				PRODUCT_BUNDLE_IDENTIFIER = de.arnoseidel.FocusInspiring;
				PRODUCT_NAME = "$(TARGET_NAME)";
				PROVISIONING_PROFILE_SPECIFIER = "";
				SWIFT_VERSION = 5.0;
				TARGETED_DEVICE_FAMILY = "1,2";
			};
			name = Debug;
		};
		E732C74525DBE11900A4CE31 /* Release */ = {
			isa = XCBuildConfiguration;
			buildSettings = {
				ASSETCATALOG_COMPILER_APPICON_NAME = AppIcon;
				ASSETCATALOG_COMPILER_GLOBAL_ACCENT_COLOR_NAME = AccentColor;
				CODE_SIGN_ENTITLEMENTS = FocusInspiring/FocusInspiring.entitlements;
				CODE_SIGN_IDENTITY = "Apple Development";
				CODE_SIGN_STYLE = Automatic;
				DEVELOPMENT_TEAM = FRR9MYPFMS;
				INFOPLIST_FILE = FocusInspiring/Info.plist;
				IPHONEOS_DEPLOYMENT_TARGET = 14.5;
				LD_RUNPATH_SEARCH_PATHS = (
					"$(inherited)",
					"@executable_path/Frameworks",
				);
				MARKETING_VERSION = 0.1;
				PRODUCT_BUNDLE_IDENTIFIER = de.arnoseidel.FocusInspiring;
				PRODUCT_NAME = "$(TARGET_NAME)";
				PROVISIONING_PROFILE_SPECIFIER = "";
				SWIFT_VERSION = 5.0;
				TARGETED_DEVICE_FAMILY = "1,2";
			};
			name = Release;
		};
/* End XCBuildConfiguration section */

/* Begin XCConfigurationList section */
		E732C72725DBE11800A4CE31 /* Build configuration list for PBXProject "FocusInspiring" */ = {
			isa = XCConfigurationList;
			buildConfigurations = (
				E732C74125DBE11900A4CE31 /* Debug */,
				E732C74225DBE11900A4CE31 /* Release */,
			);
			defaultConfigurationIsVisible = 0;
			defaultConfigurationName = Release;
		};
		E732C74325DBE11900A4CE31 /* Build configuration list for PBXNativeTarget "FocusInspiring" */ = {
			isa = XCConfigurationList;
			buildConfigurations = (
				E732C74425DBE11900A4CE31 /* Debug */,
				E732C74525DBE11900A4CE31 /* Release */,
			);
			defaultConfigurationIsVisible = 0;
			defaultConfigurationName = Release;
		};
/* End XCConfigurationList section */

/* Begin XCVersionGroup section */
		E732C73825DBE11800A4CE31 /* FocusInspiring.xcdatamodeld */ = {
			isa = XCVersionGroup;
			children = (
				E732C73925DBE11800A4CE31 /* FocusInspiring.xcdatamodel */,
			);
			currentVersion = E732C73925DBE11800A4CE31 /* FocusInspiring.xcdatamodel */;
			path = FocusInspiring.xcdatamodeld;
			sourceTree = "<group>";
			versionGroupType = wrapper.xcdatamodel;
		};
/* End XCVersionGroup section */
	};
	rootObject = E732C72425DBE11800A4CE31 /* Project object */;
}
